// !$*UTF8*$!
{
	archiveVersion = 1;
	classes = {
	};
	objectVersion = 55;
	objects = {

/* Begin PBXBuildFile section */
		A3445BCA28299E0200F25EBC /* keysCustomKeyboardChallengeApp.swift in Sources */ = {isa = PBXBuildFile; fileRef = A3445BC928299E0200F25EBC /* keysCustomKeyboardChallengeApp.swift */; };
		A3445BCC28299E0200F25EBC /* ContentView.swift in Sources */ = {isa = PBXBuildFile; fileRef = A3445BCB28299E0200F25EBC /* ContentView.swift */; };
		A3445BCE28299E0500F25EBC /* Assets.xcassets in Resources */ = {isa = PBXBuildFile; fileRef = A3445BCD28299E0500F25EBC /* Assets.xcassets */; };
		A3445BD128299E0500F25EBC /* Preview Assets.xcassets in Resources */ = {isa = PBXBuildFile; fileRef = A3445BD028299E0500F25EBC /* Preview Assets.xcassets */; };
		A3445BDE282B06EE00F25EBC /* KeyboardViewController.swift in Sources */ = {isa = PBXBuildFile; fileRef = A3445BDD282B06EE00F25EBC /* KeyboardViewController.swift */; };
		A3445BE2282B06EE00F25EBC /* keyboard.appex in Embed App Extensions */ = {isa = PBXBuildFile; fileRef = A3445BDB282B06EE00F25EBC /* keyboard.appex */; settings = {ATTRIBUTES = (RemoveHeadersOnCopy, ); }; };
		A3445BE8282B114400F25EBC /* RootView.swift in Sources */ = {isa = PBXBuildFile; fileRef = A3445BE7282B114400F25EBC /* RootView.swift */; };
/* End PBXBuildFile section */

/* Begin PBXContainerItemProxy section */
		A3445BE0282B06EE00F25EBC /* PBXContainerItemProxy */ = {
			isa = PBXContainerItemProxy;
			containerPortal = A3445BBE28299E0200F25EBC /* Project object */;
			proxyType = 1;
			remoteGlobalIDString = A3445BDA282B06EE00F25EBC;
			remoteInfo = keyboard;
		};
/* End PBXContainerItemProxy section */

/* Begin PBXCopyFilesBuildPhase section */
		A3445BE6282B06EE00F25EBC /* Embed App Extensions */ = {
			isa = PBXCopyFilesBuildPhase;
			buildActionMask = 2147483647;
			dstPath = "";
			dstSubfolderSpec = 13;
			files = (
				A3445BE2282B06EE00F25EBC /* keyboard.appex in Embed App Extensions */,
			);
			name = "Embed App Extensions";
			runOnlyForDeploymentPostprocessing = 0;
		};
/* End PBXCopyFilesBuildPhase section */

/* Begin PBXFileReference section */
		A3445BC628299E0200F25EBC /* keysCustomKeyboardChallenge.app */ = {isa = PBXFileReference; explicitFileType = wrapper.application; includeInIndex = 0; path = keysCustomKeyboardChallenge.app; sourceTree = BUILT_PRODUCTS_DIR; };
		A3445BC928299E0200F25EBC /* keysCustomKeyboardChallengeApp.swift */ = {isa = PBXFileReference; lastKnownFileType = sourcecode.swift; path = keysCustomKeyboardChallengeApp.swift; sourceTree = "<group>"; };
		A3445BCB28299E0200F25EBC /* ContentView.swift */ = {isa = PBXFileReference; lastKnownFileType = sourcecode.swift; path = ContentView.swift; sourceTree = "<group>"; };
		A3445BCD28299E0500F25EBC /* Assets.xcassets */ = {isa = PBXFileReference; lastKnownFileType = folder.assetcatalog; path = Assets.xcassets; sourceTree = "<group>"; };
		A3445BD028299E0500F25EBC /* Preview Assets.xcassets */ = {isa = PBXFileReference; lastKnownFileType = folder.assetcatalog; path = "Preview Assets.xcassets"; sourceTree = "<group>"; };
		A3445BDB282B06EE00F25EBC /* keyboard.appex */ = {isa = PBXFileReference; explicitFileType = "wrapper.app-extension"; includeInIndex = 0; path = keyboard.appex; sourceTree = BUILT_PRODUCTS_DIR; };
		A3445BDD282B06EE00F25EBC /* KeyboardViewController.swift */ = {isa = PBXFileReference; indentWidth = 4; lastKnownFileType = sourcecode.swift; path = KeyboardViewController.swift; sourceTree = "<group>"; tabWidth = 4; };
		A3445BDF282B06EE00F25EBC /* Info.plist */ = {isa = PBXFileReference; lastKnownFileType = text.plist.xml; path = Info.plist; sourceTree = "<group>"; };
		A3445BE7282B114400F25EBC /* RootView.swift */ = {isa = PBXFileReference; indentWidth = 4; lastKnownFileType = sourcecode.swift; path = RootView.swift; sourceTree = "<group>"; tabWidth = 4; };
/* End PBXFileReference section */

/* Begin PBXFrameworksBuildPhase section */
		A3445BC328299E0200F25EBC /* Frameworks */ = {
			isa = PBXFrameworksBuildPhase;
			buildActionMask = 2147483647;
			files = (
			);
			runOnlyForDeploymentPostprocessing = 0;
		};
		A3445BD8282B06EE00F25EBC /* Frameworks */ = {
			isa = PBXFrameworksBuildPhase;
			buildActionMask = 2147483647;
			files = (
			);
			runOnlyForDeploymentPostprocessing = 0;
		};
/* End PBXFrameworksBuildPhase section */

/* Begin PBXGroup section */
		A3445BBD28299E0200F25EBC = {
			isa = PBXGroup;
			children = (
				A3445BC828299E0200F25EBC /* keysCustomKeyboardChallenge */,
				A3445BDC282B06EE00F25EBC /* keyboard */,
				A3445BC728299E0200F25EBC /* Products */,
			);
			sourceTree = "<group>";
		};
		A3445BC728299E0200F25EBC /* Products */ = {
			isa = PBXGroup;
			children = (
				A3445BC628299E0200F25EBC /* keysCustomKeyboardChallenge.app */,
				A3445BDB282B06EE00F25EBC /* keyboard.appex */,
			);
			name = Products;
			sourceTree = "<group>";
		};
		A3445BC828299E0200F25EBC /* keysCustomKeyboardChallenge */ = {
			isa = PBXGroup;
			children = (
				A3445BC928299E0200F25EBC /* keysCustomKeyboardChallengeApp.swift */,
				A3445BCB28299E0200F25EBC /* ContentView.swift */,
				A3445BCD28299E0500F25EBC /* Assets.xcassets */,
				A3445BCF28299E0500F25EBC /* Preview Content */,
			);
			path = keysCustomKeyboardChallenge;
			sourceTree = "<group>";
		};
		A3445BCF28299E0500F25EBC /* Preview Content */ = {
			isa = PBXGroup;
			children = (
				A3445BD028299E0500F25EBC /* Preview Assets.xcassets */,
			);
			path = "Preview Content";
			sourceTree = "<group>";
		};
		A3445BDC282B06EE00F25EBC /* keyboard */ = {
			isa = PBXGroup;
			children = (
				A3445BDD282B06EE00F25EBC /* KeyboardViewController.swift */,
				A3445BDF282B06EE00F25EBC /* Info.plist */,
				A3445BE7282B114400F25EBC /* RootView.swift */,
			);
			path = keyboard;
			sourceTree = "<group>";
		};
/* End PBXGroup section */

/* Begin PBXNativeTarget section */
		A3445BC528299E0200F25EBC /* keysCustomKeyboardChallenge */ = {
			isa = PBXNativeTarget;
			buildConfigurationList = A3445BD428299E0500F25EBC /* Build configuration list for PBXNativeTarget "keysCustomKeyboardChallenge" */;
			buildPhases = (
				A3445BC228299E0200F25EBC /* Sources */,
				A3445BC328299E0200F25EBC /* Frameworks */,
				A3445BC428299E0200F25EBC /* Resources */,
				A3445BE6282B06EE00F25EBC /* Embed App Extensions */,
			);
			buildRules = (
			);
			dependencies = (
				A3445BE1282B06EE00F25EBC /* PBXTargetDependency */,
			);
			name = keysCustomKeyboardChallenge;
			productName = keysCustomKeyboardChallenge;
			productReference = A3445BC628299E0200F25EBC /* keysCustomKeyboardChallenge.app */;
			productType = "com.apple.product-type.application";
		};
		A3445BDA282B06EE00F25EBC /* keyboard */ = {
			isa = PBXNativeTarget;
			buildConfigurationList = A3445BE3282B06EE00F25EBC /* Build configuration list for PBXNativeTarget "keyboard" */;
			buildPhases = (
				A3445BD7282B06EE00F25EBC /* Sources */,
				A3445BD8282B06EE00F25EBC /* Frameworks */,
				A3445BD9282B06EE00F25EBC /* Resources */,
			);
			buildRules = (
			);
			dependencies = (
			);
			name = keyboard;
			productName = keyboard;
			productReference = A3445BDB282B06EE00F25EBC /* keyboard.appex */;
			productType = "com.apple.product-type.app-extension";
		};
/* End PBXNativeTarget section */

/* Begin PBXProject section */
		A3445BBE28299E0200F25EBC /* Project object */ = {
			isa = PBXProject;
			attributes = {
				BuildIndependentTargetsInParallel = 1;
				LastSwiftUpdateCheck = 1330;
				LastUpgradeCheck = 1330;
				TargetAttributes = {
					A3445BC528299E0200F25EBC = {
						CreatedOnToolsVersion = 13.3.1;
					};
					A3445BDA282B06EE00F25EBC = {
						CreatedOnToolsVersion = 13.3.1;
					};
				};
			};
			buildConfigurationList = A3445BC128299E0200F25EBC /* Build configuration list for PBXProject "keysCustomKeyboardChallenge" */;
			compatibilityVersion = "Xcode 13.0";
			developmentRegion = en;
			hasScannedForEncodings = 0;
			knownRegions = (
				en,
				Base,
			);
			mainGroup = A3445BBD28299E0200F25EBC;
			productRefGroup = A3445BC728299E0200F25EBC /* Products */;
			projectDirPath = "";
			projectRoot = "";
			targets = (
				A3445BC528299E0200F25EBC /* keysCustomKeyboardChallenge */,
				A3445BDA282B06EE00F25EBC /* keyboard */,
			);
		};
/* End PBXProject section */

/* Begin PBXResourcesBuildPhase section */
		A3445BC428299E0200F25EBC /* Resources */ = {
			isa = PBXResourcesBuildPhase;
			buildActionMask = 2147483647;
			files = (
				A3445BD128299E0500F25EBC /* Preview Assets.xcassets in Resources */,
				A3445BCE28299E0500F25EBC /* Assets.xcassets in Resources */,
			);
			runOnlyForDeploymentPostprocessing = 0;
		};
		A3445BD9282B06EE00F25EBC /* Resources */ = {
			isa = PBXResourcesBuildPhase;
			buildActionMask = 2147483647;
			files = (
			);
			runOnlyForDeploymentPostprocessing = 0;
		};
/* End PBXResourcesBuildPhase section */

/* Begin PBXSourcesBuildPhase section */
		A3445BC228299E0200F25EBC /* Sources */ = {
			isa = PBXSourcesBuildPhase;
			buildActionMask = 2147483647;
			files = (
				A3445BCC28299E0200F25EBC /* ContentView.swift in Sources */,
				A3445BCA28299E0200F25EBC /* keysCustomKeyboardChallengeApp.swift in Sources */,
			);
			runOnlyForDeploymentPostprocessing = 0;
		};
		A3445BD7282B06EE00F25EBC /* Sources */ = {
			isa = PBXSourcesBuildPhase;
			buildActionMask = 2147483647;
			files = (
				A3445BE8282B114400F25EBC /* RootView.swift in Sources */,
				A3445BDE282B06EE00F25EBC /* KeyboardViewController.swift in Sources */,
			);
			runOnlyForDeploymentPostprocessing = 0;
		};
/* End PBXSourcesBuildPhase section */

/* Begin PBXTargetDependency section */
		A3445BE1282B06EE00F25EBC /* PBXTargetDependency */ = {
			isa = PBXTargetDependency;
			target = A3445BDA282B06EE00F25EBC /* keyboard */;
			targetProxy = A3445BE0282B06EE00F25EBC /* PBXContainerItemProxy */;
		};
/* End PBXTargetDependency section */

/* Begin XCBuildConfiguration section */
		A3445BD228299E0500F25EBC /* Debug */ = {
			isa = XCBuildConfiguration;
			buildSettings = {
				ALWAYS_SEARCH_USER_PATHS = NO;
				CLANG_ANALYZER_NONNULL = YES;
				CLANG_ANALYZER_NUMBER_OBJECT_CONVERSION = YES_AGGRESSIVE;
				CLANG_CXX_LANGUAGE_STANDARD = "gnu++17";
				CLANG_ENABLE_MODULES = YES;
				CLANG_ENABLE_OBJC_ARC = YES;
				CLANG_ENABLE_OBJC_WEAK = YES;
				CLANG_WARN_BLOCK_CAPTURE_AUTORELEASING = YES;
				CLANG_WARN_BOOL_CONVERSION = YES;
				CLANG_WARN_COMMA = YES;
				CLANG_WARN_CONSTANT_CONVERSION = YES;
				CLANG_WARN_DEPRECATED_OBJC_IMPLEMENTATIONS = YES;
				CLANG_WARN_DIRECT_OBJC_ISA_USAGE = YES_ERROR;
				CLANG_WARN_DOCUMENTATION_COMMENTS = YES;
				CLANG_WARN_EMPTY_BODY = YES;
				CLANG_WARN_ENUM_CONVERSION = YES;
				CLANG_WARN_INFINITE_RECURSION = YES;
				CLANG_WARN_INT_CONVERSION = YES;
				CLANG_WARN_NON_LITERAL_NULL_CONVERSION = YES;
				CLANG_WARN_OBJC_IMPLICIT_RETAIN_SELF = YES;
				CLANG_WARN_OBJC_LITERAL_CONVERSION = YES;
				CLANG_WARN_OBJC_ROOT_CLASS = YES_ERROR;
				CLANG_WARN_QUOTED_INCLUDE_IN_FRAMEWORK_HEADER = YES;
				CLANG_WARN_RANGE_LOOP_ANALYSIS = YES;
				CLANG_WARN_STRICT_PROTOTYPES = YES;
				CLANG_WARN_SUSPICIOUS_MOVE = YES;
				CLANG_WARN_UNGUARDED_AVAILABILITY = YES_AGGRESSIVE;
				CLANG_WARN_UNREACHABLE_CODE = YES;
				CLANG_WARN__DUPLICATE_METHOD_MATCH = YES;
				COPY_PHASE_STRIP = NO;
				DEBUG_INFORMATION_FORMAT = dwarf;
				ENABLE_STRICT_OBJC_MSGSEND = YES;
				ENABLE_TESTABILITY = YES;
				GCC_C_LANGUAGE_STANDARD = gnu11;
				GCC_DYNAMIC_NO_PIC = NO;
				GCC_NO_COMMON_BLOCKS = YES;
				GCC_OPTIMIZATION_LEVEL = 0;
				GCC_PREPROCESSOR_DEFINITIONS = (
					"DEBUG=1",
					"$(inherited)",
				);
				GCC_WARN_64_TO_32_BIT_CONVERSION = YES;
				GCC_WARN_ABOUT_RETURN_TYPE = YES_ERROR;
				GCC_WARN_UNDECLARED_SELECTOR = YES;
				GCC_WARN_UNINITIALIZED_AUTOS = YES_AGGRESSIVE;
				GCC_WARN_UNUSED_FUNCTION = YES;
				GCC_WARN_UNUSED_VARIABLE = YES;
				IPHONEOS_DEPLOYMENT_TARGET = 15.4;
				MTL_ENABLE_DEBUG_INFO = INCLUDE_SOURCE;
				MTL_FAST_MATH = YES;
				ONLY_ACTIVE_ARCH = YES;
				SDKROOT = iphoneos;
				SWIFT_ACTIVE_COMPILATION_CONDITIONS = DEBUG;
				SWIFT_OPTIMIZATION_LEVEL = "-Onone";
			};
			name = Debug;
		};
		A3445BD328299E0500F25EBC /* Release */ = {
			isa = XCBuildConfiguration;
			buildSettings = {
				ALWAYS_SEARCH_USER_PATHS = NO;
				CLANG_ANALYZER_NONNULL = YES;
				CLANG_ANALYZER_NUMBER_OBJECT_CONVERSION = YES_AGGRESSIVE;
				CLANG_CXX_LANGUAGE_STANDARD = "gnu++17";
				CLANG_ENABLE_MODULES = YES;
				CLANG_ENABLE_OBJC_ARC = YES;
				CLANG_ENABLE_OBJC_WEAK = YES;
				CLANG_WARN_BLOCK_CAPTURE_AUTORELEASING = YES;
				CLANG_WARN_BOOL_CONVERSION = YES;
				CLANG_WARN_COMMA = YES;
				CLANG_WARN_CONSTANT_CONVERSION = YES;
				CLANG_WARN_DEPRECATED_OBJC_IMPLEMENTATIONS = YES;
				CLANG_WARN_DIRECT_OBJC_ISA_USAGE = YES_ERROR;
				CLANG_WARN_DOCUMENTATION_COMMENTS = YES;
				CLANG_WARN_EMPTY_BODY = YES;
				CLANG_WARN_ENUM_CONVERSION = YES;
				CLANG_WARN_INFINITE_RECURSION = YES;
				CLANG_WARN_INT_CONVERSION = YES;
				CLANG_WARN_NON_LITERAL_NULL_CONVERSION = YES;
				CLANG_WARN_OBJC_IMPLICIT_RETAIN_SELF = YES;
				CLANG_WARN_OBJC_LITERAL_CONVERSION = YES;
				CLANG_WARN_OBJC_ROOT_CLASS = YES_ERROR;
				CLANG_WARN_QUOTED_INCLUDE_IN_FRAMEWORK_HEADER = YES;
				CLANG_WARN_RANGE_LOOP_ANALYSIS = YES;
				CLANG_WARN_STRICT_PROTOTYPES = YES;
				CLANG_WARN_SUSPICIOUS_MOVE = YES;
				CLANG_WARN_UNGUARDED_AVAILABILITY = YES_AGGRESSIVE;
				CLANG_WARN_UNREACHABLE_CODE = YES;
				CLANG_WARN__DUPLICATE_METHOD_MATCH = YES;
				COPY_PHASE_STRIP = NO;
				DEBUG_INFORMATION_FORMAT = "dwarf-with-dsym";
				ENABLE_NS_ASSERTIONS = NO;
				ENABLE_STRICT_OBJC_MSGSEND = YES;
				GCC_C_LANGUAGE_STANDARD = gnu11;
				GCC_NO_COMMON_BLOCKS = YES;
				GCC_WARN_64_TO_32_BIT_CONVERSION = YES;
				GCC_WARN_ABOUT_RETURN_TYPE = YES_ERROR;
				GCC_WARN_UNDECLARED_SELECTOR = YES;
				GCC_WARN_UNINITIALIZED_AUTOS = YES_AGGRESSIVE;
				GCC_WARN_UNUSED_FUNCTION = YES;
				GCC_WARN_UNUSED_VARIABLE = YES;
				IPHONEOS_DEPLOYMENT_TARGET = 15.4;
				MTL_ENABLE_DEBUG_INFO = NO;
				MTL_FAST_MATH = YES;
				SDKROOT = iphoneos;
				SWIFT_COMPILATION_MODE = wholemodule;
				SWIFT_OPTIMIZATION_LEVEL = "-O";
				VALIDATE_PRODUCT = YES;
			};
			name = Release;
		};
		A3445BD528299E0500F25EBC /* Debug */ = {
			isa = XCBuildConfiguration;
			buildSettings = {
				ALWAYS_EMBED_SWIFT_STANDARD_LIBRARIES = YES;
				ASSETCATALOG_COMPILER_APPICON_NAME = AppIcon;
				ASSETCATALOG_COMPILER_GLOBAL_ACCENT_COLOR_NAME = AccentColor;
				CODE_SIGN_STYLE = Automatic;
				CURRENT_PROJECT_VERSION = 1;
				DEVELOPMENT_ASSET_PATHS = "\"keysCustomKeyboardChallenge/Preview Content\"";
				DEVELOPMENT_TEAM = QB3R75K3D3;
				ENABLE_PREVIEWS = YES;
				GENERATE_INFOPLIST_FILE = YES;
				INFOPLIST_KEY_UIApplicationSceneManifest_Generation = YES;
				INFOPLIST_KEY_UIApplicationSupportsIndirectInputEvents = YES;
				INFOPLIST_KEY_UILaunchScreen_Generation = YES;
				INFOPLIST_KEY_UISupportedInterfaceOrientations_iPad = "UIInterfaceOrientationPortrait UIInterfaceOrientationPortraitUpsideDown UIInterfaceOrientationLandscapeLeft UIInterfaceOrientationLandscapeRight";
				INFOPLIST_KEY_UISupportedInterfaceOrientations_iPhone = "UIInterfaceOrientationPortrait UIInterfaceOrientationLandscapeLeft UIInterfaceOrientationLandscapeRight";
				LD_RUNPATH_SEARCH_PATHS = (
					"$(inherited)",
					"@executable_path/Frameworks",
				);
				MARKETING_VERSION = 1.0;
				PRODUCT_BUNDLE_IDENTIFIER = com.jackkeys.keysCustomKeyboardChallenge;
				PRODUCT_NAME = "$(TARGET_NAME)";
				SWIFT_EMIT_LOC_STRINGS = YES;
				SWIFT_VERSION = 5.0;
				TARGETED_DEVICE_FAMILY = "1,2";
			};
			name = Debug;
		};
		A3445BD628299E0500F25EBC /* Release */ = {
			isa = XCBuildConfiguration;
			buildSettings = {
				ALWAYS_EMBED_SWIFT_STANDARD_LIBRARIES = YES;
				ASSETCATALOG_COMPILER_APPICON_NAME = AppIcon;
				ASSETCATALOG_COMPILER_GLOBAL_ACCENT_COLOR_NAME = AccentColor;
				CODE_SIGN_STYLE = Automatic;
				CURRENT_PROJECT_VERSION = 1;
				DEVELOPMENT_ASSET_PATHS = "\"keysCustomKeyboardChallenge/Preview Content\"";
				DEVELOPMENT_TEAM = QB3R75K3D3;
				ENABLE_PREVIEWS = YES;
				GENERATE_INFOPLIST_FILE = YES;
				INFOPLIST_KEY_UIApplicationSceneManifest_Generation = YES;
				INFOPLIST_KEY_UIApplicationSupportsIndirectInputEvents = YES;
				INFOPLIST_KEY_UILaunchScreen_Generation = YES;
				INFOPLIST_KEY_UISupportedInterfaceOrientations_iPad = "UIInterfaceOrientationPortrait UIInterfaceOrientationPortraitUpsideDown UIInterfaceOrientationLandscapeLeft UIInterfaceOrientationLandscapeRight";
				INFOPLIST_KEY_UISupportedInterfaceOrientations_iPhone = "UIInterfaceOrientationPortrait UIInterfaceOrientationLandscapeLeft UIInterfaceOrientationLandscapeRight";
				LD_RUNPATH_SEARCH_PATHS = (
					"$(inherited)",
					"@executable_path/Frameworks",
				);
				MARKETING_VERSION = 1.0;
				PRODUCT_BUNDLE_IDENTIFIER = com.jackkeys.keysCustomKeyboardChallenge;
				PRODUCT_NAME = "$(TARGET_NAME)";
				SWIFT_EMIT_LOC_STRINGS = YES;
				SWIFT_VERSION = 5.0;
				TARGETED_DEVICE_FAMILY = "1,2";
			};
			name = Release;
		};
		A3445BE4282B06EE00F25EBC /* Debug */ = {
			isa = XCBuildConfiguration;
			buildSettings = {
				CODE_SIGN_STYLE = Automatic;
				CURRENT_PROJECT_VERSION = 1;
				DEVELOPMENT_TEAM = QB3R75K3D3;
				GENERATE_INFOPLIST_FILE = YES;
				INFOPLIST_FILE = keyboard/Info.plist;
				INFOPLIST_KEY_CFBundleDisplayName = keyboard;
				INFOPLIST_KEY_NSHumanReadableCopyright = "";
				LD_RUNPATH_SEARCH_PATHS = (
					"$(inherited)",
					"@executable_path/Frameworks",
					"@executable_path/../../Frameworks",
				);
				MARKETING_VERSION = 1.0;
				PRODUCT_BUNDLE_IDENTIFIER = com.jackkeys.keysCustomKeyboardChallenge.keyboard;
				PRODUCT_NAME = "$(TARGET_NAME)";
				SKIP_INSTALL = YES;
				SWIFT_EMIT_LOC_STRINGS = YES;
				SWIFT_VERSION = 5.0;
				TARGETED_DEVICE_FAMILY = "1,2";
			};
			name = Debug;
		};
		A3445BE5282B06EE00F25EBC /* Release */ = {
			isa = XCBuildConfiguration;
			buildSettings = {
				CODE_SIGN_STYLE = Automatic;
				CURRENT_PROJECT_VERSION = 1;
				DEVELOPMENT_TEAM = QB3R75K3D3;
				GENERATE_INFOPLIST_FILE = YES;
				INFOPLIST_FILE = keyboard/Info.plist;
				INFOPLIST_KEY_CFBundleDisplayName = keyboard;
				INFOPLIST_KEY_NSHumanReadableCopyright = "";
				LD_RUNPATH_SEARCH_PATHS = (
					"$(inherited)",
					"@executable_path/Frameworks",
					"@executable_path/../../Frameworks",
				);
				MARKETING_VERSION = 1.0;
				PRODUCT_BUNDLE_IDENTIFIER = com.jackkeys.keysCustomKeyboardChallenge.keyboard;
				PRODUCT_NAME = "$(TARGET_NAME)";
				SKIP_INSTALL = YES;
				SWIFT_EMIT_LOC_STRINGS = YES;
				SWIFT_VERSION = 5.0;
				TARGETED_DEVICE_FAMILY = "1,2";
			};
			name = Release;
		};
/* End XCBuildConfiguration section */

/* Begin XCConfigurationList section */
		A3445BC128299E0200F25EBC /* Build configuration list for PBXProject "keysCustomKeyboardChallenge" */ = {
			isa = XCConfigurationList;
			buildConfigurations = (
				A3445BD228299E0500F25EBC /* Debug */,
				A3445BD328299E0500F25EBC /* Release */,
			);
			defaultConfigurationIsVisible = 0;
			defaultConfigurationName = Release;
		};
		A3445BD428299E0500F25EBC /* Build configuration list for PBXNativeTarget "keysCustomKeyboardChallenge" */ = {
			isa = XCConfigurationList;
			buildConfigurations = (
				A3445BD528299E0500F25EBC /* Debug */,
				A3445BD628299E0500F25EBC /* Release */,
			);
			defaultConfigurationIsVisible = 0;
			defaultConfigurationName = Release;
		};
		A3445BE3282B06EE00F25EBC /* Build configuration list for PBXNativeTarget "keyboard" */ = {
			isa = XCConfigurationList;
			buildConfigurations = (
				A3445BE4282B06EE00F25EBC /* Debug */,
				A3445BE5282B06EE00F25EBC /* Release */,
			);
			defaultConfigurationIsVisible = 0;
			defaultConfigurationName = Release;
		};
/* End XCConfigurationList section */
	};
	rootObject = A3445BBE28299E0200F25EBC /* Project object */;
}
